Microsoft Visual Studio Solution File, Format Version 10.00
# Visual Studio 2008
Project("{F184B08F-C81C-45F6-A57F-5ABD9991F28F}") = "FingerprintReader", "FingerprintReader.vbproj", "{0A01D8BC-3207-4058-B69F-085A8FC6F87B}"
EndProject
Global
	GlobalSection(SolutionConfigurationPlatforms) = preSolution
		Debug|Any CPU = Debug|Any CPU
		Release|Any CPU = Release|Any CPU
	EndGlobalSection
	GlobalSection(ProjectConfigurationPlatforms) = postSolution
		{0A01D8BC-3207-4058-B69F-085A8FC6F87B}.Debug|Any CPU.ActiveCfg = Debug|Any CPU
		{0A01D8BC-3207-4058-B69F-085A8FC6F87B}.Debug|Any CPU.Build.0 = Debug|Any CPU
		{0A01D8BC-3207-4058-B69F-085A8FC6F87B}.Release|Any CPU.ActiveCfg = Release|Any CPU
		{0A01D8BC-3207-4058-B69F-085A8FC6F87B}.Release|Any CPU.Build.0 = Release|Any CPU
	EndGlobalSection
	GlobalSection(SolutionProperties) = preSolution
		HideSolutionNode = FALSE
	EndGlobalSection
EndGlobal
