Microsoft Visual Studio Solution File, Format Version 8.00
Project("{F184B08F-C81C-45F6-A57F-5ABD9991F28F}") = "FingerprintReader", "FingerprintReader.vbproj", "{0A01D8BC-3207-4058-B69F-085A8FC6F87B}"
	ProjectSection(ProjectDependencies) = postProject
	EndProjectSection
EndProject
Global
	GlobalSection(SolutionConfiguration) = preSolution
		Debug = Debug
		Release = Release
	EndGlobalSection
	GlobalSection(ProjectConfiguration) = postSolution
		{0A01D8BC-3207-4058-B69F-085A8FC6F87B}.Debug.ActiveCfg = Debug|.NET
		{0A01D8BC-3207-4058-B69F-085A8FC6F87B}.Debug.Build.0 = Debug|.NET
		{0A01D8BC-3207-4058-B69F-085A8FC6F87B}.Release.ActiveCfg = Release|.NET
		{0A01D8BC-3207-4058-B69F-085A8FC6F87B}.Release.Build.0 = Release|.NET
	EndGlobalSection
	GlobalSection(ExtensibilityGlobals) = postSolution
	EndGlobalSection
	GlobalSection(ExtensibilityAddIns) = postSolution
	EndGlobalSection
EndGlobal
